github.com/lemonnekogh/guolai v0.2.1 h1:nkxT1webtIWohsuMGjcPO9se0EwYynGqGYCabp7wOhA=
github.com/lemonnekogh/guolai v0.2.1/go.mod h1:3rSMzwm/5YaZ3b2AvH1slAbTpQw5io28iD5xiRstKdA=
github.com/lemonnekogh/guolai v0.2.2 h1:qO+RLdvRx68eM6qSvL0wT7fwsd7+dV9aFQOBjLe4WEE=
github.com/lemonnekogh/guolai v0.2.2/go.mod h1:3rSMzwm/5YaZ3b2AvH1slAbTpQw5io28iD5xiRstKdA=
github.com/lemonnekogh/guolai v0.2.3 h1:me2AqJ71ppwSzldxtz1xGgQwnpobrJG6rYdADDuAU/8=
github.com/lemonnekogh/guolai v0.2.3/go.mod h1:3rSMzwm/5YaZ3b2AvH1slAbTpQw5io28iD5xiRstKdA=
